PODS:
  - FastMath (1.0.0)
  - FastMath/Tests (1.0.0)

DEPENDENCIES:
  - FastMath (from `../../TwoRingSoft/Frameworks/FastMath`)
  - FastMath/Tests (from `../../TwoRingSoft/Frameworks/FastMath`)

EXTERNAL SOURCES:
  FastMath:
    :path: "../../TwoRingSoft/Frameworks/FastMath"

SPEC CHECKSUMS:
  FastMath: 9fb236a4826c1c81e1778710231aeadf9bc2e68c

PODFILE CHECKSUM: 73296ac5a4eed6f2782f853f463e6bdfb2c47399

COCOAPODS: 1.5.3
