PODS:
  - FastMath (0.0.1)
  - FastMath/Tests (0.0.1)

DEPENDENCIES:
  - FastMath (from `../../TwoRingSoft/FastMath`)
  - FastMath/Tests (from `../../TwoRingSoft/FastMath`)

EXTERNAL SOURCES:
  FastMath:
    :path: ../../TwoRingSoft/FastMath

SPEC CHECKSUMS:
  FastMath: 8c0aa7d552987b0fc915322f7e3fe5e093e74a9a

PODFILE CHECKSUM: 13eeb88803c37783339cbe5aeef96dc215ac9035

COCOAPODS: 1.3.1
