// !$*UTF8*$!
{
	archiveVersion = 1;
	classes = {
	};
	objectVersion = 46;
	objects = {

/* Begin PBXBuildFile section */
		1FA351E420233157D094B7A1 /* Pods_ProjectEulerTests.framework in Frameworks */ = {isa = PBXBuildFile; fileRef = AE43FC58B05ACFF628E31903 /* Pods_ProjectEulerTests.framework */; };
		4944C2882112BEA900E8305B /* Problem3.swift in Sources */ = {isa = PBXBuildFile; fileRef = 4944C2872112BEA900E8305B /* Problem3.swift */; };
		4944C28A2112BEC400E8305B /* Problem5.swift in Sources */ = {isa = PBXBuildFile; fileRef = 4944C2892112BEC400E8305B /* Problem5.swift */; };
		4944C28C2112BEDE00E8305B /* Problem7.swift in Sources */ = {isa = PBXBuildFile; fileRef = 4944C28B2112BEDE00E8305B /* Problem7.swift */; };
		4944C28E2112BEF000E8305B /* Problem9.swift in Sources */ = {isa = PBXBuildFile; fileRef = 4944C28D2112BEF000E8305B /* Problem9.swift */; };
/* End PBXBuildFile section */

/* Begin PBXFileReference section */
		0A52E77D36BE708A77834754 /* Pods-ProjectEuler.debug.xcconfig */ = {isa = PBXFileReference; includeInIndex = 1; lastKnownFileType = text.xcconfig; name = "Pods-ProjectEuler.debug.xcconfig"; path = "../Pods/Target Support Files/Pods-ProjectEuler/Pods-ProjectEuler.debug.xcconfig"; sourceTree = "<group>"; };
		2F01FE7943E380E3330E1F9A /* Pods-ProjectEulerTests.debug.xcconfig */ = {isa = PBXFileReference; includeInIndex = 1; lastKnownFileType = text.xcconfig; name = "Pods-ProjectEulerTests.debug.xcconfig"; path = "../Pods/Target Support Files/Pods-ProjectEulerTests/Pods-ProjectEulerTests.debug.xcconfig"; sourceTree = "<group>"; };
		3326C41582338AFF7D1B1A5E /* Pods-ProjectEuler.release.xcconfig */ = {isa = PBXFileReference; includeInIndex = 1; lastKnownFileType = text.xcconfig; name = "Pods-ProjectEuler.release.xcconfig"; path = "../Pods/Target Support Files/Pods-ProjectEuler/Pods-ProjectEuler.release.xcconfig"; sourceTree = "<group>"; };
		4944C2872112BEA900E8305B /* Problem3.swift */ = {isa = PBXFileReference; lastKnownFileType = sourcecode.swift; path = Problem3.swift; sourceTree = "<group>"; };
		4944C2892112BEC400E8305B /* Problem5.swift */ = {isa = PBXFileReference; lastKnownFileType = sourcecode.swift; path = Problem5.swift; sourceTree = "<group>"; };
		4944C28B2112BEDE00E8305B /* Problem7.swift */ = {isa = PBXFileReference; lastKnownFileType = sourcecode.swift; path = Problem7.swift; sourceTree = "<group>"; };
		4944C28D2112BEF000E8305B /* Problem9.swift */ = {isa = PBXFileReference; lastKnownFileType = sourcecode.swift; path = Problem9.swift; sourceTree = "<group>"; };
		49F4BCE51C41FFC100B9AF15 /* ProjectEulerTests.xctest */ = {isa = PBXFileReference; explicitFileType = wrapper.cfbundle; includeInIndex = 0; path = ProjectEulerTests.xctest; sourceTree = BUILT_PRODUCTS_DIR; };
		49F4BCEC1C41FFC100B9AF15 /* Info.plist */ = {isa = PBXFileReference; lastKnownFileType = text.plist.xml; path = Info.plist; sourceTree = "<group>"; };
		4C909D697F629A5FEC7E65B7 /* Pods_ProjectEuler.framework */ = {isa = PBXFileReference; explicitFileType = wrapper.framework; includeInIndex = 0; path = Pods_ProjectEuler.framework; sourceTree = BUILT_PRODUCTS_DIR; };
		6D56A441AF58C505BE902F66 /* Pods-ProjectEulerTests.release.xcconfig */ = {isa = PBXFileReference; includeInIndex = 1; lastKnownFileType = text.xcconfig; name = "Pods-ProjectEulerTests.release.xcconfig"; path = "../Pods/Target Support Files/Pods-ProjectEulerTests/Pods-ProjectEulerTests.release.xcconfig"; sourceTree = "<group>"; };
		AE43FC58B05ACFF628E31903 /* Pods_ProjectEulerTests.framework */ = {isa = PBXFileReference; explicitFileType = wrapper.framework; includeInIndex = 0; path = Pods_ProjectEulerTests.framework; sourceTree = BUILT_PRODUCTS_DIR; };
/* End PBXFileReference section */

/* Begin PBXFrameworksBuildPhase section */
		49F4BCE21C41FFC100B9AF15 /* Frameworks */ = {
			isa = PBXFrameworksBuildPhase;
			buildActionMask = 2147483647;
			files = (
				1FA351E420233157D094B7A1 /* Pods_ProjectEulerTests.framework in Frameworks */,
			);
			runOnlyForDeploymentPostprocessing = 0;
		};
/* End PBXFrameworksBuildPhase section */

/* Begin PBXGroup section */
		49F4BCD11C41FFC100B9AF15 = {
			isa = PBXGroup;
			children = (
				49F4BCE91C41FFC100B9AF15 /* ProjectEulerTests */,
				49F4BCDC1C41FFC100B9AF15 /* Products */,
				6B556BE528DDAC315DE5D72B /* Pods */,
				BD902ABBC878D0BF0F112BB9 /* Frameworks */,
			);
			sourceTree = "<group>";
		};
		49F4BCDC1C41FFC100B9AF15 /* Products */ = {
			isa = PBXGroup;
			children = (
				49F4BCE51C41FFC100B9AF15 /* ProjectEulerTests.xctest */,
			);
			name = Products;
			sourceTree = "<group>";
		};
		49F4BCE91C41FFC100B9AF15 /* ProjectEulerTests */ = {
			isa = PBXGroup;
			children = (
				49F4BCEC1C41FFC100B9AF15 /* Info.plist */,
				4944C2892112BEC400E8305B /* Problem5.swift */,
				4944C28B2112BEDE00E8305B /* Problem7.swift */,
				4944C28D2112BEF000E8305B /* Problem9.swift */,
				4944C2872112BEA900E8305B /* Problem3.swift */,
			);
			path = ProjectEulerTests;
			sourceTree = "<group>";
		};
		6B556BE528DDAC315DE5D72B /* Pods */ = {
			isa = PBXGroup;
			children = (
				0A52E77D36BE708A77834754 /* Pods-ProjectEuler.debug.xcconfig */,
				3326C41582338AFF7D1B1A5E /* Pods-ProjectEuler.release.xcconfig */,
				2F01FE7943E380E3330E1F9A /* Pods-ProjectEulerTests.debug.xcconfig */,
				6D56A441AF58C505BE902F66 /* Pods-ProjectEulerTests.release.xcconfig */,
			);
			name = Pods;
			sourceTree = "<group>";
		};
		BD902ABBC878D0BF0F112BB9 /* Frameworks */ = {
			isa = PBXGroup;
			children = (
				4C909D697F629A5FEC7E65B7 /* Pods_ProjectEuler.framework */,
				AE43FC58B05ACFF628E31903 /* Pods_ProjectEulerTests.framework */,
			);
			name = Frameworks;
			sourceTree = "<group>";
		};
/* End PBXGroup section */

/* Begin PBXNativeTarget section */
		49F4BCE41C41FFC100B9AF15 /* ProjectEulerTests */ = {
			isa = PBXNativeTarget;
			buildConfigurationList = 49F4BCF21C41FFC100B9AF15 /* Build configuration list for PBXNativeTarget "ProjectEulerTests" */;
			buildPhases = (
				420FF83EE734009A98462140 /* [CP] Check Pods Manifest.lock */,
				49F4BCE11C41FFC100B9AF15 /* Sources */,
				49F4BCE21C41FFC100B9AF15 /* Frameworks */,
				49F4BCE31C41FFC100B9AF15 /* Resources */,
				4ABEF217DC5172CBC60ABB7F /* [CP] Embed Pods Frameworks */,
			);
			buildRules = (
			);
			dependencies = (
			);
			name = ProjectEulerTests;
			productName = ProjectEulerTests;
			productReference = 49F4BCE51C41FFC100B9AF15 /* ProjectEulerTests.xctest */;
			productType = "com.apple.product-type.bundle.unit-test";
		};
/* End PBXNativeTarget section */

/* Begin PBXProject section */
		49F4BCD21C41FFC100B9AF15 /* Project object */ = {
			isa = PBXProject;
			attributes = {
				LastSwiftUpdateCheck = 0720;
				LastUpgradeCheck = 0830;
				ORGANIZATIONNAME = AMProductions;
				TargetAttributes = {
					49F4BCE41C41FFC100B9AF15 = {
						CreatedOnToolsVersion = 7.2;
						LastSwiftMigration = 0830;
					};
				};
			};
			buildConfigurationList = 49F4BCD51C41FFC100B9AF15 /* Build configuration list for PBXProject "ProjectEuler" */;
			compatibilityVersion = "Xcode 3.2";
			developmentRegion = English;
			hasScannedForEncodings = 0;
			knownRegions = (
				en,
			);
			mainGroup = 49F4BCD11C41FFC100B9AF15;
			productRefGroup = 49F4BCDC1C41FFC100B9AF15 /* Products */;
			projectDirPath = "";
			projectRoot = "";
			targets = (
				49F4BCE41C41FFC100B9AF15 /* ProjectEulerTests */,
			);
		};
/* End PBXProject section */

/* Begin PBXResourcesBuildPhase section */
		49F4BCE31C41FFC100B9AF15 /* Resources */ = {
			isa = PBXResourcesBuildPhase;
			buildActionMask = 2147483647;
			files = (
			);
			runOnlyForDeploymentPostprocessing = 0;
		};
/* End PBXResourcesBuildPhase section */

/* Begin PBXShellScriptBuildPhase section */
		420FF83EE734009A98462140 /* [CP] Check Pods Manifest.lock */ = {
			isa = PBXShellScriptBuildPhase;
			buildActionMask = 2147483647;
			files = (
			);
			inputPaths = (
				"${PODS_PODFILE_DIR_PATH}/Podfile.lock",
				"${PODS_ROOT}/Manifest.lock",
			);
			name = "[CP] Check Pods Manifest.lock";
			outputPaths = (
				"$(DERIVED_FILE_DIR)/Pods-ProjectEulerTests-checkManifestLockResult.txt",
			);
			runOnlyForDeploymentPostprocessing = 0;
			shellPath = /bin/sh;
			shellScript = "diff \"${PODS_PODFILE_DIR_PATH}/Podfile.lock\" \"${PODS_ROOT}/Manifest.lock\" > /dev/null\nif [ $? != 0 ] ; then\n    # print error to STDERR\n    echo \"error: The sandbox is not in sync with the Podfile.lock. Run 'pod install' or update your CocoaPods installation.\" >&2\n    exit 1\nfi\n# This output is used by Xcode 'outputs' to avoid re-running this script phase.\necho \"SUCCESS\" > \"${SCRIPT_OUTPUT_FILE_0}\"\n";
			showEnvVarsInLog = 0;
		};
		4ABEF217DC5172CBC60ABB7F /* [CP] Embed Pods Frameworks */ = {
			isa = PBXShellScriptBuildPhase;
			buildActionMask = 2147483647;
			files = (
			);
			inputPaths = (
				"${SRCROOT}/../Pods/Target Support Files/Pods-ProjectEulerTests/Pods-ProjectEulerTests-frameworks.sh",
				"${BUILT_PRODUCTS_DIR}/FastMath/FastMath.framework",
			);
			name = "[CP] Embed Pods Frameworks";
			outputPaths = (
				"${TARGET_BUILD_DIR}/${FRAMEWORKS_FOLDER_PATH}/FastMath.framework",
			);
			runOnlyForDeploymentPostprocessing = 0;
			shellPath = /bin/sh;
			shellScript = "\"${SRCROOT}/../Pods/Target Support Files/Pods-ProjectEulerTests/Pods-ProjectEulerTests-frameworks.sh\"\n";
			showEnvVarsInLog = 0;
		};
/* End PBXShellScriptBuildPhase section */

/* Begin PBXSourcesBuildPhase section */
		49F4BCE11C41FFC100B9AF15 /* Sources */ = {
			isa = PBXSourcesBuildPhase;
			buildActionMask = 2147483647;
			files = (
				4944C28A2112BEC400E8305B /* Problem5.swift in Sources */,
				4944C28E2112BEF000E8305B /* Problem9.swift in Sources */,
				4944C28C2112BEDE00E8305B /* Problem7.swift in Sources */,
				4944C2882112BEA900E8305B /* Problem3.swift in Sources */,
			);
			runOnlyForDeploymentPostprocessing = 0;
		};
/* End PBXSourcesBuildPhase section */

/* Begin XCBuildConfiguration section */
		49F4BCED1C41FFC100B9AF15 /* Debug */ = {
			isa = XCBuildConfiguration;
			buildSettings = {
				ALWAYS_SEARCH_USER_PATHS = NO;
				CLANG_CXX_LANGUAGE_STANDARD = "gnu++0x";
				CLANG_CXX_LIBRARY = "libc++";
				CLANG_ENABLE_MODULES = YES;
				CLANG_ENABLE_OBJC_ARC = YES;
				CLANG_WARN_BOOL_CONVERSION = YES;
				CLANG_WARN_CONSTANT_CONVERSION = YES;
				CLANG_WARN_DIRECT_OBJC_ISA_USAGE = YES_ERROR;
				CLANG_WARN_EMPTY_BODY = YES;
				CLANG_WARN_ENUM_CONVERSION = YES;
				CLANG_WARN_INFINITE_RECURSION = YES;
				CLANG_WARN_INT_CONVERSION = YES;
				CLANG_WARN_OBJC_ROOT_CLASS = YES_ERROR;
				CLANG_WARN_SUSPICIOUS_MOVE = YES;
				CLANG_WARN_UNREACHABLE_CODE = YES;
				CLANG_WARN__DUPLICATE_METHOD_MATCH = YES;
				"CODE_SIGN_IDENTITY[sdk=iphoneos*]" = "iPhone Developer";
				COPY_PHASE_STRIP = NO;
				CURRENT_PROJECT_VERSION = 1;
				DEBUG_INFORMATION_FORMAT = dwarf;
				ENABLE_STRICT_OBJC_MSGSEND = YES;
				ENABLE_TESTABILITY = YES;
				GCC_C_LANGUAGE_STANDARD = gnu99;
				GCC_DYNAMIC_NO_PIC = NO;
				GCC_NO_COMMON_BLOCKS = YES;
				GCC_OPTIMIZATION_LEVEL = 0;
				GCC_PREPROCESSOR_DEFINITIONS = (
					"DEBUG=1",
					"$(inherited)",
				);
				GCC_WARN_64_TO_32_BIT_CONVERSION = YES;
				GCC_WARN_ABOUT_RETURN_TYPE = YES_ERROR;
				GCC_WARN_UNDECLARED_SELECTOR = YES;
				GCC_WARN_UNINITIALIZED_AUTOS = YES_AGGRESSIVE;
				GCC_WARN_UNUSED_FUNCTION = YES;
				GCC_WARN_UNUSED_VARIABLE = YES;
				IPHONEOS_DEPLOYMENT_TARGET = 9.2;
				MTL_ENABLE_DEBUG_INFO = YES;
				ONLY_ACTIVE_ARCH = YES;
				SDKROOT = iphoneos;
				SWIFT_OPTIMIZATION_LEVEL = "-Onone";
				TARGETED_DEVICE_FAMILY = "1,2";
				VERSIONING_SYSTEM = "apple-generic";
				VERSION_INFO_PREFIX = "";
			};
			name = Debug;
		};
		49F4BCEE1C41FFC100B9AF15 /* Release */ = {
			isa = XCBuildConfiguration;
			buildSettings = {
				ALWAYS_SEARCH_USER_PATHS = NO;
				CLANG_CXX_LANGUAGE_STANDARD = "gnu++0x";
				CLANG_CXX_LIBRARY = "libc++";
				CLANG_ENABLE_MODULES = YES;
				CLANG_ENABLE_OBJC_ARC = YES;
				CLANG_WARN_BOOL_CONVERSION = YES;
				CLANG_WARN_CONSTANT_CONVERSION = YES;
				CLANG_WARN_DIRECT_OBJC_ISA_USAGE = YES_ERROR;
				CLANG_WARN_EMPTY_BODY = YES;
				CLANG_WARN_ENUM_CONVERSION = YES;
				CLANG_WARN_INFINITE_RECURSION = YES;
				CLANG_WARN_INT_CONVERSION = YES;
				CLANG_WARN_OBJC_ROOT_CLASS = YES_ERROR;
				CLANG_WARN_SUSPICIOUS_MOVE = YES;
				CLANG_WARN_UNREACHABLE_CODE = YES;
				CLANG_WARN__DUPLICATE_METHOD_MATCH = YES;
				"CODE_SIGN_IDENTITY[sdk=iphoneos*]" = "iPhone Developer";
				COPY_PHASE_STRIP = NO;
				CURRENT_PROJECT_VERSION = 1;
				DEBUG_INFORMATION_FORMAT = "dwarf-with-dsym";
				ENABLE_NS_ASSERTIONS = NO;
				ENABLE_STRICT_OBJC_MSGSEND = YES;
				GCC_C_LANGUAGE_STANDARD = gnu99;
				GCC_NO_COMMON_BLOCKS = YES;
				GCC_WARN_64_TO_32_BIT_CONVERSION = YES;
				GCC_WARN_ABOUT_RETURN_TYPE = YES_ERROR;
				GCC_WARN_UNDECLARED_SELECTOR = YES;
				GCC_WARN_UNINITIALIZED_AUTOS = YES_AGGRESSIVE;
				GCC_WARN_UNUSED_FUNCTION = YES;
				GCC_WARN_UNUSED_VARIABLE = YES;
				IPHONEOS_DEPLOYMENT_TARGET = 9.2;
				MTL_ENABLE_DEBUG_INFO = NO;
				SDKROOT = iphoneos;
				SWIFT_OPTIMIZATION_LEVEL = "-Owholemodule";
				TARGETED_DEVICE_FAMILY = "1,2";
				VALIDATE_PRODUCT = YES;
				VERSIONING_SYSTEM = "apple-generic";
				VERSION_INFO_PREFIX = "";
			};
			name = Release;
		};
		49F4BCF31C41FFC100B9AF15 /* Debug */ = {
			isa = XCBuildConfiguration;
			baseConfigurationReference = 2F01FE7943E380E3330E1F9A /* Pods-ProjectEulerTests.debug.xcconfig */;
			buildSettings = {
				INFOPLIST_FILE = ProjectEulerTests/Info.plist;
				LD_RUNPATH_SEARCH_PATHS = "$(inherited) @executable_path/Frameworks @loader_path/Frameworks";
				PRODUCT_BUNDLE_IDENTIFIER = com.amproductions.ProjectEulerTests;
				PRODUCT_NAME = "$(TARGET_NAME)";
				SWIFT_VERSION = 3.0;
			};
			name = Debug;
		};
		49F4BCF41C41FFC100B9AF15 /* Release */ = {
			isa = XCBuildConfiguration;
			baseConfigurationReference = 6D56A441AF58C505BE902F66 /* Pods-ProjectEulerTests.release.xcconfig */;
			buildSettings = {
				INFOPLIST_FILE = ProjectEulerTests/Info.plist;
				LD_RUNPATH_SEARCH_PATHS = "$(inherited) @executable_path/Frameworks @loader_path/Frameworks";
				PRODUCT_BUNDLE_IDENTIFIER = com.amproductions.ProjectEulerTests;
				PRODUCT_NAME = "$(TARGET_NAME)";
				SWIFT_VERSION = 3.0;
			};
			name = Release;
		};
/* End XCBuildConfiguration section */

/* Begin XCConfigurationList section */
		49F4BCD51C41FFC100B9AF15 /* Build configuration list for PBXProject "ProjectEuler" */ = {
			isa = XCConfigurationList;
			buildConfigurations = (
				49F4BCED1C41FFC100B9AF15 /* Debug */,
				49F4BCEE1C41FFC100B9AF15 /* Release */,
			);
			defaultConfigurationIsVisible = 0;
			defaultConfigurationName = Release;
		};
		49F4BCF21C41FFC100B9AF15 /* Build configuration list for PBXNativeTarget "ProjectEulerTests" */ = {
			isa = XCConfigurationList;
			buildConfigurations = (
				49F4BCF31C41FFC100B9AF15 /* Debug */,
				49F4BCF41C41FFC100B9AF15 /* Release */,
			);
			defaultConfigurationIsVisible = 0;
			defaultConfigurationName = Release;
		};
/* End XCConfigurationList section */
	};
	rootObject = 49F4BCD21C41FFC100B9AF15 /* Project object */;
}
